
Microsoft Visual Studio Solution File, Format Version 12.00
# Visual Studio 14
VisualStudioVersion = 14.0.25420.1
MinimumVisualStudioVersion = 10.0.40219.1
Project("{FAE04EC0-301F-11D3-BF4B-00C04F79EFBC}") = "PHF", "PHF\PHF.csproj", "{3379ACB0-AF6F-46DD-8964-A963BAF8CFEC}"
EndProject
Project("{FAE04EC0-301F-11D3-BF4B-00C04F79EFBC}") = "PHFtest", "PHFtest\PHFtest.csproj", "{F1DC6DEE-0F7A-49B5-A17B-E5BD855EB3ED}"
EndProject
Global
	GlobalSection(SolutionConfigurationPlatforms) = preSolution
		Debug|Any CPU = Debug|Any CPU
		Release|Any CPU = Release|Any CPU
	EndGlobalSection
	GlobalSection(ProjectConfigurationPlatforms) = postSolution
		{3379ACB0-AF6F-46DD-8964-A963BAF8CFEC}.Debug|Any CPU.ActiveCfg = Debug|Any CPU
		{3379ACB0-AF6F-46DD-8964-A963BAF8CFEC}.Debug|Any CPU.Build.0 = Debug|Any CPU
		{3379ACB0-AF6F-46DD-8964-A963BAF8CFEC}.Release|Any CPU.ActiveCfg = Release|Any CPU
		{3379ACB0-AF6F-46DD-8964-A963BAF8CFEC}.Release|Any CPU.Build.0 = Release|Any CPU
		{F1DC6DEE-0F7A-49B5-A17B-E5BD855EB3ED}.Debug|Any CPU.ActiveCfg = Debug|Any CPU
		{F1DC6DEE-0F7A-49B5-A17B-E5BD855EB3ED}.Debug|Any CPU.Build.0 = Debug|Any CPU
		{F1DC6DEE-0F7A-49B5-A17B-E5BD855EB3ED}.Release|Any CPU.ActiveCfg = Release|Any CPU
		{F1DC6DEE-0F7A-49B5-A17B-E5BD855EB3ED}.Release|Any CPU.Build.0 = Release|Any CPU
	EndGlobalSection
	GlobalSection(SolutionProperties) = preSolution
		HideSolutionNode = FALSE
	EndGlobalSection
EndGlobal
